// !$*UTF8*$!
{
	archiveVersion = 1;
	classes = {
	};
	objectVersion = 46;
	objects = {

/* Begin PBXBuildFile section */
		4378ECEE19F2F1F800575AB9 /* AppDelegate.swift in Sources */ = {isa = PBXBuildFile; fileRef = 4378ECED19F2F1F800575AB9 /* AppDelegate.swift */; };
		4378ECF019F2F1F800575AB9 /* ViewController.swift in Sources */ = {isa = PBXBuildFile; fileRef = 4378ECEF19F2F1F800575AB9 /* ViewController.swift */; };
		4378ECF319F2F1F800575AB9 /* Main.storyboard in Resources */ = {isa = PBXBuildFile; fileRef = 4378ECF119F2F1F800575AB9 /* Main.storyboard */; };
		4378ECF519F2F1F800575AB9 /* Images.xcassets in Resources */ = {isa = PBXBuildFile; fileRef = 4378ECF419F2F1F800575AB9 /* Images.xcassets */; };
		4378ECF819F2F1F800575AB9 /* LaunchScreen.xib in Resources */ = {isa = PBXBuildFile; fileRef = 4378ECF619F2F1F800575AB9 /* LaunchScreen.xib */; };
		4378ED0419F2F1F800575AB9 /* youmobileTests.swift in Sources */ = {isa = PBXBuildFile; fileRef = 4378ED0319F2F1F800575AB9 /* youmobileTests.swift */; };
		4378ED0E19F2F46100575AB9 /* ViewSubmit.swift in Sources */ = {isa = PBXBuildFile; fileRef = 4378ED0D19F2F46100575AB9 /* ViewSubmit.swift */; };
		4378ED1019F2F46D00575AB9 /* ViewDone.swift in Sources */ = {isa = PBXBuildFile; fileRef = 4378ED0F19F2F46D00575AB9 /* ViewDone.swift */; };
		4378ED1219F30FF100575AB9 /* API.swift in Sources */ = {isa = PBXBuildFile; fileRef = 4378ED1119F30FF100575AB9 /* API.swift */; };
		4378ED1419F3135300575AB9 /* ViewData.swift in Sources */ = {isa = PBXBuildFile; fileRef = 4378ED1319F3135300575AB9 /* ViewData.swift */; };
/* End PBXBuildFile section */

/* Begin PBXContainerItemProxy section */
		4378ECFE19F2F1F800575AB9 /* PBXContainerItemProxy */ = {
			isa = PBXContainerItemProxy;
			containerPortal = 4378ECE019F2F1F800575AB9 /* Project object */;
			proxyType = 1;
			remoteGlobalIDString = 4378ECE719F2F1F800575AB9;
			remoteInfo = youmobile;
		};
/* End PBXContainerItemProxy section */

/* Begin PBXFileReference section */
		4378ECE819F2F1F800575AB9 /* youmobile.app */ = {isa = PBXFileReference; explicitFileType = wrapper.application; includeInIndex = 0; path = youmobile.app; sourceTree = BUILT_PRODUCTS_DIR; };
		4378ECEC19F2F1F800575AB9 /* Info.plist */ = {isa = PBXFileReference; lastKnownFileType = text.plist.xml; path = Info.plist; sourceTree = "<group>"; };
		4378ECED19F2F1F800575AB9 /* AppDelegate.swift */ = {isa = PBXFileReference; lastKnownFileType = sourcecode.swift; path = AppDelegate.swift; sourceTree = "<group>"; };
		4378ECEF19F2F1F800575AB9 /* ViewController.swift */ = {isa = PBXFileReference; lastKnownFileType = sourcecode.swift; path = ViewController.swift; sourceTree = "<group>"; };
		4378ECF219F2F1F800575AB9 /* Base */ = {isa = PBXFileReference; lastKnownFileType = file.storyboard; name = Base; path = Base.lproj/Main.storyboard; sourceTree = "<group>"; };
		4378ECF419F2F1F800575AB9 /* Images.xcassets */ = {isa = PBXFileReference; lastKnownFileType = folder.assetcatalog; path = Images.xcassets; sourceTree = "<group>"; };
		4378ECF719F2F1F800575AB9 /* Base */ = {isa = PBXFileReference; lastKnownFileType = file.xib; name = Base; path = Base.lproj/LaunchScreen.xib; sourceTree = "<group>"; };
		4378ECFD19F2F1F800575AB9 /* youmobileTests.xctest */ = {isa = PBXFileReference; explicitFileType = wrapper.cfbundle; includeInIndex = 0; path = youmobileTests.xctest; sourceTree = BUILT_PRODUCTS_DIR; };
		4378ED0219F2F1F800575AB9 /* Info.plist */ = {isa = PBXFileReference; lastKnownFileType = text.plist.xml; path = Info.plist; sourceTree = "<group>"; };
		4378ED0319F2F1F800575AB9 /* youmobileTests.swift */ = {isa = PBXFileReference; lastKnownFileType = sourcecode.swift; path = youmobileTests.swift; sourceTree = "<group>"; };
		4378ED0D19F2F46100575AB9 /* ViewSubmit.swift */ = {isa = PBXFileReference; fileEncoding = 4; lastKnownFileType = sourcecode.swift; path = ViewSubmit.swift; sourceTree = "<group>"; };
		4378ED0F19F2F46D00575AB9 /* ViewDone.swift */ = {isa = PBXFileReference; fileEncoding = 4; lastKnownFileType = sourcecode.swift; path = ViewDone.swift; sourceTree = "<group>"; };
		4378ED1119F30FF100575AB9 /* API.swift */ = {isa = PBXFileReference; fileEncoding = 4; lastKnownFileType = sourcecode.swift; path = API.swift; sourceTree = "<group>"; };
		4378ED1319F3135300575AB9 /* ViewData.swift */ = {isa = PBXFileReference; fileEncoding = 4; lastKnownFileType = sourcecode.swift; path = ViewData.swift; sourceTree = "<group>"; };
/* End PBXFileReference section */

/* Begin PBXFrameworksBuildPhase section */
		4378ECE519F2F1F800575AB9 /* Frameworks */ = {
			isa = PBXFrameworksBuildPhase;
			buildActionMask = 2147483647;
			files = (
			);
			runOnlyForDeploymentPostprocessing = 0;
		};
		4378ECFA19F2F1F800575AB9 /* Frameworks */ = {
			isa = PBXFrameworksBuildPhase;
			buildActionMask = 2147483647;
			files = (
			);
			runOnlyForDeploymentPostprocessing = 0;
		};
/* End PBXFrameworksBuildPhase section */

/* Begin PBXGroup section */
		4378ECDF19F2F1F800575AB9 = {
			isa = PBXGroup;
			children = (
				4378ECEA19F2F1F800575AB9 /* youmobile */,
				4378ED0019F2F1F800575AB9 /* youmobileTests */,
				4378ECE919F2F1F800575AB9 /* Products */,
			);
			sourceTree = "<group>";
		};
		4378ECE919F2F1F800575AB9 /* Products */ = {
			isa = PBXGroup;
			children = (
				4378ECE819F2F1F800575AB9 /* youmobile.app */,
				4378ECFD19F2F1F800575AB9 /* youmobileTests.xctest */,
			);
			name = Products;
			sourceTree = "<group>";
		};
		4378ECEA19F2F1F800575AB9 /* youmobile */ = {
			isa = PBXGroup;
			children = (
				4378ECED19F2F1F800575AB9 /* AppDelegate.swift */,
				4378ED1319F3135300575AB9 /* ViewData.swift */,
				4378ECEF19F2F1F800575AB9 /* ViewController.swift */,
				4378ED0D19F2F46100575AB9 /* ViewSubmit.swift */,
				4378ED0F19F2F46D00575AB9 /* ViewDone.swift */,
				4378ED1119F30FF100575AB9 /* API.swift */,
				4378ECF119F2F1F800575AB9 /* Main.storyboard */,
				4378ECF619F2F1F800575AB9 /* LaunchScreen.xib */,
				4378ECF419F2F1F800575AB9 /* Images.xcassets */,
				4378ECEB19F2F1F800575AB9 /* Supporting Files */,
			);
			path = youmobile;
			sourceTree = "<group>";
		};
		4378ECEB19F2F1F800575AB9 /* Supporting Files */ = {
			isa = PBXGroup;
			children = (
				4378ECEC19F2F1F800575AB9 /* Info.plist */,
			);
			name = "Supporting Files";
			sourceTree = "<group>";
		};
		4378ED0019F2F1F800575AB9 /* youmobileTests */ = {
			isa = PBXGroup;
			children = (
				4378ED0319F2F1F800575AB9 /* youmobileTests.swift */,
				4378ED0119F2F1F800575AB9 /* Supporting Files */,
			);
			path = youmobileTests;
			sourceTree = "<group>";
		};
		4378ED0119F2F1F800575AB9 /* Supporting Files */ = {
			isa = PBXGroup;
			children = (
				4378ED0219F2F1F800575AB9 /* Info.plist */,
			);
			name = "Supporting Files";
			sourceTree = "<group>";
		};
/* End PBXGroup section */

/* Begin PBXNativeTarget section */
		4378ECE719F2F1F800575AB9 /* youmobile */ = {
			isa = PBXNativeTarget;
			buildConfigurationList = 4378ED0719F2F1F800575AB9 /* Build configuration list for PBXNativeTarget "youmobile" */;
			buildPhases = (
				4378ECE419F2F1F800575AB9 /* Sources */,
				4378ECE519F2F1F800575AB9 /* Frameworks */,
				4378ECE619F2F1F800575AB9 /* Resources */,
			);
			buildRules = (
			);
			dependencies = (
			);
			name = youmobile;
			productName = youmobile;
			productReference = 4378ECE819F2F1F800575AB9 /* youmobile.app */;
			productType = "com.apple.product-type.application";
		};
		4378ECFC19F2F1F800575AB9 /* youmobileTests */ = {
			isa = PBXNativeTarget;
			buildConfigurationList = 4378ED0A19F2F1F800575AB9 /* Build configuration list for PBXNativeTarget "youmobileTests" */;
			buildPhases = (
				4378ECF919F2F1F800575AB9 /* Sources */,
				4378ECFA19F2F1F800575AB9 /* Frameworks */,
				4378ECFB19F2F1F800575AB9 /* Resources */,
			);
			buildRules = (
			);
			dependencies = (
				4378ECFF19F2F1F800575AB9 /* PBXTargetDependency */,
			);
			name = youmobileTests;
			productName = youmobileTests;
			productReference = 4378ECFD19F2F1F800575AB9 /* youmobileTests.xctest */;
			productType = "com.apple.product-type.bundle.unit-test";
		};
/* End PBXNativeTarget section */

/* Begin PBXProject section */
		4378ECE019F2F1F800575AB9 /* Project object */ = {
			isa = PBXProject;
			attributes = {
				LastUpgradeCheck = 0600;
				ORGANIZATIONNAME = hlpth;
				TargetAttributes = {
					4378ECE719F2F1F800575AB9 = {
						CreatedOnToolsVersion = 6.0.1;
					};
					4378ECFC19F2F1F800575AB9 = {
						CreatedOnToolsVersion = 6.0.1;
						TestTargetID = 4378ECE719F2F1F800575AB9;
					};
				};
			};
			buildConfigurationList = 4378ECE319F2F1F800575AB9 /* Build configuration list for PBXProject "youmobile" */;
			compatibilityVersion = "Xcode 3.2";
			developmentRegion = English;
			hasScannedForEncodings = 0;
			knownRegions = (
				en,
				Base,
			);
			mainGroup = 4378ECDF19F2F1F800575AB9;
			productRefGroup = 4378ECE919F2F1F800575AB9 /* Products */;
			projectDirPath = "";
			projectRoot = "";
			targets = (
				4378ECE719F2F1F800575AB9 /* youmobile */,
				4378ECFC19F2F1F800575AB9 /* youmobileTests */,
			);
		};
/* End PBXProject section */

/* Begin PBXResourcesBuildPhase section */
		4378ECE619F2F1F800575AB9 /* Resources */ = {
			isa = PBXResourcesBuildPhase;
			buildActionMask = 2147483647;
			files = (
				4378ECF319F2F1F800575AB9 /* Main.storyboard in Resources */,
				4378ECF819F2F1F800575AB9 /* LaunchScreen.xib in Resources */,
				4378ECF519F2F1F800575AB9 /* Images.xcassets in Resources */,
			);
			runOnlyForDeploymentPostprocessing = 0;
		};
		4378ECFB19F2F1F800575AB9 /* Resources */ = {
			isa = PBXResourcesBuildPhase;
			buildActionMask = 2147483647;
			files = (
			);
			runOnlyForDeploymentPostprocessing = 0;
		};
/* End PBXResourcesBuildPhase section */

/* Begin PBXSourcesBuildPhase section */
		4378ECE419F2F1F800575AB9 /* Sources */ = {
			isa = PBXSourcesBuildPhase;
			buildActionMask = 2147483647;
			files = (
				4378ECF019F2F1F800575AB9 /* ViewController.swift in Sources */,
				4378ECEE19F2F1F800575AB9 /* AppDelegate.swift in Sources */,
				4378ED1019F2F46D00575AB9 /* ViewDone.swift in Sources */,
				4378ED0E19F2F46100575AB9 /* ViewSubmit.swift in Sources */,
				4378ED1419F3135300575AB9 /* ViewData.swift in Sources */,
				4378ED1219F30FF100575AB9 /* API.swift in Sources */,
			);
			runOnlyForDeploymentPostprocessing = 0;
		};
		4378ECF919F2F1F800575AB9 /* Sources */ = {
			isa = PBXSourcesBuildPhase;
			buildActionMask = 2147483647;
			files = (
				4378ED0419F2F1F800575AB9 /* youmobileTests.swift in Sources */,
			);
			runOnlyForDeploymentPostprocessing = 0;
		};
/* End PBXSourcesBuildPhase section */

/* Begin PBXTargetDependency section */
		4378ECFF19F2F1F800575AB9 /* PBXTargetDependency */ = {
			isa = PBXTargetDependency;
			target = 4378ECE719F2F1F800575AB9 /* youmobile */;
			targetProxy = 4378ECFE19F2F1F800575AB9 /* PBXContainerItemProxy */;
		};
/* End PBXTargetDependency section */

/* Begin PBXVariantGroup section */
		4378ECF119F2F1F800575AB9 /* Main.storyboard */ = {
			isa = PBXVariantGroup;
			children = (
				4378ECF219F2F1F800575AB9 /* Base */,
			);
			name = Main.storyboard;
			sourceTree = "<group>";
		};
		4378ECF619F2F1F800575AB9 /* LaunchScreen.xib */ = {
			isa = PBXVariantGroup;
			children = (
				4378ECF719F2F1F800575AB9 /* Base */,
			);
			name = LaunchScreen.xib;
			sourceTree = "<group>";
		};
/* End PBXVariantGroup section */

/* Begin XCBuildConfiguration section */
		4378ED0519F2F1F800575AB9 /* Debug */ = {
			isa = XCBuildConfiguration;
			buildSettings = {
				ALWAYS_SEARCH_USER_PATHS = NO;
				CLANG_CXX_LANGUAGE_STANDARD = "gnu++0x";
				CLANG_CXX_LIBRARY = "libc++";
				CLANG_ENABLE_MODULES = YES;
				CLANG_ENABLE_OBJC_ARC = YES;
				CLANG_WARN_BOOL_CONVERSION = YES;
				CLANG_WARN_CONSTANT_CONVERSION = YES;
				CLANG_WARN_DIRECT_OBJC_ISA_USAGE = YES_ERROR;
				CLANG_WARN_EMPTY_BODY = YES;
				CLANG_WARN_ENUM_CONVERSION = YES;
				CLANG_WARN_INT_CONVERSION = YES;
				CLANG_WARN_OBJC_ROOT_CLASS = YES_ERROR;
				CLANG_WARN_UNREACHABLE_CODE = YES;
				CLANG_WARN__DUPLICATE_METHOD_MATCH = YES;
				"CODE_SIGN_IDENTITY[sdk=iphoneos*]" = "iPhone Developer";
				COPY_PHASE_STRIP = NO;
				ENABLE_STRICT_OBJC_MSGSEND = YES;
				GCC_C_LANGUAGE_STANDARD = gnu99;
				GCC_DYNAMIC_NO_PIC = NO;
				GCC_OPTIMIZATION_LEVEL = 0;
				GCC_PREPROCESSOR_DEFINITIONS = (
					"DEBUG=1",
					"$(inherited)",
				);
				GCC_SYMBOLS_PRIVATE_EXTERN = NO;
				GCC_WARN_64_TO_32_BIT_CONVERSION = YES;
				GCC_WARN_ABOUT_RETURN_TYPE = YES_ERROR;
				GCC_WARN_UNDECLARED_SELECTOR = YES;
				GCC_WARN_UNINITIALIZED_AUTOS = YES_AGGRESSIVE;
				GCC_WARN_UNUSED_FUNCTION = YES;
				GCC_WARN_UNUSED_VARIABLE = YES;
				IPHONEOS_DEPLOYMENT_TARGET = 8.0;
				MTL_ENABLE_DEBUG_INFO = YES;
				ONLY_ACTIVE_ARCH = YES;
				SDKROOT = iphoneos;
				SWIFT_OPTIMIZATION_LEVEL = "-Onone";
				TARGETED_DEVICE_FAMILY = "1,2";
			};
			name = Debug;
		};
		4378ED0619F2F1F800575AB9 /* Release */ = {
			isa = XCBuildConfiguration;
			buildSettings = {
				ALWAYS_SEARCH_USER_PATHS = NO;
				CLANG_CXX_LANGUAGE_STANDARD = "gnu++0x";
				CLANG_CXX_LIBRARY = "libc++";
				CLANG_ENABLE_MODULES = YES;
				CLANG_ENABLE_OBJC_ARC = YES;
				CLANG_WARN_BOOL_CONVERSION = YES;
				CLANG_WARN_CONSTANT_CONVERSION = YES;
				CLANG_WARN_DIRECT_OBJC_ISA_USAGE = YES_ERROR;
				CLANG_WARN_EMPTY_BODY = YES;
				CLANG_WARN_ENUM_CONVERSION = YES;
				CLANG_WARN_INT_CONVERSION = YES;
				CLANG_WARN_OBJC_ROOT_CLASS = YES_ERROR;
				CLANG_WARN_UNREACHABLE_CODE = YES;
				CLANG_WARN__DUPLICATE_METHOD_MATCH = YES;
				"CODE_SIGN_IDENTITY[sdk=iphoneos*]" = "iPhone Developer";
				COPY_PHASE_STRIP = YES;
				ENABLE_NS_ASSERTIONS = NO;
				ENABLE_STRICT_OBJC_MSGSEND = YES;
				GCC_C_LANGUAGE_STANDARD = gnu99;
				GCC_WARN_64_TO_32_BIT_CONVERSION = YES;
				GCC_WARN_ABOUT_RETURN_TYPE = YES_ERROR;
				GCC_WARN_UNDECLARED_SELECTOR = YES;
				GCC_WARN_UNINITIALIZED_AUTOS = YES_AGGRESSIVE;
				GCC_WARN_UNUSED_FUNCTION = YES;
				GCC_WARN_UNUSED_VARIABLE = YES;
				IPHONEOS_DEPLOYMENT_TARGET = 8.0;
				MTL_ENABLE_DEBUG_INFO = NO;
				SDKROOT = iphoneos;
				TARGETED_DEVICE_FAMILY = "1,2";
				VALIDATE_PRODUCT = YES;
			};
			name = Release;
		};
		4378ED0819F2F1F800575AB9 /* Debug */ = {
			isa = XCBuildConfiguration;
			buildSettings = {
				ASSETCATALOG_COMPILER_APPICON_NAME = AppIcon;
				INFOPLIST_FILE = youmobile/Info.plist;
				IPHONEOS_DEPLOYMENT_TARGET = 7.0;
				LD_RUNPATH_SEARCH_PATHS = "$(inherited) @executable_path/Frameworks";
				PRODUCT_NAME = "$(TARGET_NAME)";
				TARGETED_DEVICE_FAMILY = "1,2";
			};
			name = Debug;
		};
		4378ED0919F2F1F800575AB9 /* Release */ = {
			isa = XCBuildConfiguration;
			buildSettings = {
				ASSETCATALOG_COMPILER_APPICON_NAME = AppIcon;
				INFOPLIST_FILE = youmobile/Info.plist;
				IPHONEOS_DEPLOYMENT_TARGET = 7.0;
				LD_RUNPATH_SEARCH_PATHS = "$(inherited) @executable_path/Frameworks";
				PRODUCT_NAME = "$(TARGET_NAME)";
				TARGETED_DEVICE_FAMILY = "1,2";
			};
			name = Release;
		};
		4378ED0B19F2F1F800575AB9 /* Debug */ = {
			isa = XCBuildConfiguration;
			buildSettings = {
				BUNDLE_LOADER = "$(TEST_HOST)";
				FRAMEWORK_SEARCH_PATHS = (
					"$(SDKROOT)/Developer/Library/Frameworks",
					"$(inherited)",
				);
				GCC_PREPROCESSOR_DEFINITIONS = (
					"DEBUG=1",
					"$(inherited)",
				);
				INFOPLIST_FILE = youmobileTests/Info.plist;
				LD_RUNPATH_SEARCH_PATHS = "$(inherited) @executable_path/Frameworks @loader_path/Frameworks";
				PRODUCT_NAME = "$(TARGET_NAME)";
				TEST_HOST = "$(BUILT_PRODUCTS_DIR)/youmobile.app/youmobile";
			};
			name = Debug;
		};
		4378ED0C19F2F1F800575AB9 /* Release */ = {
			isa = XCBuildConfiguration;
			buildSettings = {
				BUNDLE_LOADER = "$(TEST_HOST)";
				FRAMEWORK_SEARCH_PATHS = (
					"$(SDKROOT)/Developer/Library/Frameworks",
					"$(inherited)",
				);
				INFOPLIST_FILE = youmobileTests/Info.plist;
				LD_RUNPATH_SEARCH_PATHS = "$(inherited) @executable_path/Frameworks @loader_path/Frameworks";
				PRODUCT_NAME = "$(TARGET_NAME)";
				TEST_HOST = "$(BUILT_PRODUCTS_DIR)/youmobile.app/youmobile";
			};
			name = Release;
		};
/* End XCBuildConfiguration section */

/* Begin XCConfigurationList section */
		4378ECE319F2F1F800575AB9 /* Build configuration list for PBXProject "youmobile" */ = {
			isa = XCConfigurationList;
			buildConfigurations = (
				4378ED0519F2F1F800575AB9 /* Debug */,
				4378ED0619F2F1F800575AB9 /* Release */,
			);
			defaultConfigurationIsVisible = 0;
			defaultConfigurationName = Release;
		};
		4378ED0719F2F1F800575AB9 /* Build configuration list for PBXNativeTarget "youmobile" */ = {
			isa = XCConfigurationList;
			buildConfigurations = (
				4378ED0819F2F1F800575AB9 /* Debug */,
				4378ED0919F2F1F800575AB9 /* Release */,
			);
			defaultConfigurationIsVisible = 0;
			defaultConfigurationName = Release;
		};
		4378ED0A19F2F1F800575AB9 /* Build configuration list for PBXNativeTarget "youmobileTests" */ = {
			isa = XCConfigurationList;
			buildConfigurations = (
				4378ED0B19F2F1F800575AB9 /* Debug */,
				4378ED0C19F2F1F800575AB9 /* Release */,
			);
			defaultConfigurationIsVisible = 0;
			defaultConfigurationName = Release;
		};
/* End XCConfigurationList section */
	};
	rootObject = 4378ECE019F2F1F800575AB9 /* Project object */;
}
